
Microsoft Visual Studio Solution File, Format Version 12.00
# Visual Studio Version 17
VisualStudioVersion = 17.0.32014.148
MinimumVisualStudioVersion = 10.0.40219.1
Project("{FAE04EC0-301F-11D3-BF4B-00C04F79EFBC}") = "StringCalculatorUnitTests", "StringCalculatorUnitTests\StringCalculatorUnitTests.csproj", "{5A5457BA-28A6-40A4-8BFF-65855008442D}"
EndProject
Global
	GlobalSection(SolutionConfigurationPlatforms) = preSolution
		Debug|Any CPU = Debug|Any CPU
		Release|Any CPU = Release|Any CPU
	EndGlobalSection
	GlobalSection(ProjectConfigurationPlatforms) = postSolution
		{5A5457BA-28A6-40A4-8BFF-65855008442D}.Debug|Any CPU.ActiveCfg = Debug|Any CPU
		{5A5457BA-28A6-40A4-8BFF-65855008442D}.Debug|Any CPU.Build.0 = Debug|Any CPU
		{5A5457BA-28A6-40A4-8BFF-65855008442D}.Release|Any CPU.ActiveCfg = Release|Any CPU
		{5A5457BA-28A6-40A4-8BFF-65855008442D}.Release|Any CPU.Build.0 = Release|Any CPU
	EndGlobalSection
	GlobalSection(SolutionProperties) = preSolution
		HideSolutionNode = FALSE
	EndGlobalSection
	GlobalSection(ExtensibilityGlobals) = postSolution
		SolutionGuid = {6AF5156C-EB45-4F09-938B-9A6ACE728767}
	EndGlobalSection
EndGlobal
